
Microsoft Visual Studio Solution File, Format Version 12.00
# Visual Studio Express 2012 for Windows Phone
Project("{FAE04EC0-301F-11D3-BF4B-00C04F79EFBC}") = "KzRemoteApi", "KzRemoteApi.csproj", "{C73325D8-3CBB-4D76-80A4-BCFC1A63263A}"
EndProject
Global
	GlobalSection(SolutionConfigurationPlatforms) = preSolution
		Debug|Any CPU = Debug|Any CPU
		Debug|ARM = Debug|ARM
		Debug|x86 = Debug|x86
		Release|Any CPU = Release|Any CPU
		Release|ARM = Release|ARM
		Release|x86 = Release|x86
	EndGlobalSection
	GlobalSection(ProjectConfigurationPlatforms) = postSolution
		{C73325D8-3CBB-4D76-80A4-BCFC1A63263A}.Debug|Any CPU.ActiveCfg = Debug|Any CPU
		{C73325D8-3CBB-4D76-80A4-BCFC1A63263A}.Debug|Any CPU.Build.0 = Debug|Any CPU
		{C73325D8-3CBB-4D76-80A4-BCFC1A63263A}.Debug|ARM.ActiveCfg = Debug|ARM
		{C73325D8-3CBB-4D76-80A4-BCFC1A63263A}.Debug|ARM.Build.0 = Debug|ARM
		{C73325D8-3CBB-4D76-80A4-BCFC1A63263A}.Debug|x86.ActiveCfg = Debug|x86
		{C73325D8-3CBB-4D76-80A4-BCFC1A63263A}.Debug|x86.Build.0 = Debug|x86
		{C73325D8-3CBB-4D76-80A4-BCFC1A63263A}.Release|Any CPU.ActiveCfg = Release|Any CPU
		{C73325D8-3CBB-4D76-80A4-BCFC1A63263A}.Release|Any CPU.Build.0 = Release|Any CPU
		{C73325D8-3CBB-4D76-80A4-BCFC1A63263A}.Release|ARM.ActiveCfg = Release|ARM
		{C73325D8-3CBB-4D76-80A4-BCFC1A63263A}.Release|ARM.Build.0 = Release|ARM
		{C73325D8-3CBB-4D76-80A4-BCFC1A63263A}.Release|x86.ActiveCfg = Release|x86
		{C73325D8-3CBB-4D76-80A4-BCFC1A63263A}.Release|x86.Build.0 = Release|x86
	EndGlobalSection
	GlobalSection(SolutionProperties) = preSolution
		HideSolutionNode = FALSE
	EndGlobalSection
EndGlobal
